
Microsoft Visual Studio Solution File, Format Version 12.00
# Visual Studio 15
VisualStudioVersion = 15.0.27428.2043
MinimumVisualStudioVersion = 10.0.40219.1
Project("{FAE04EC0-301F-11D3-BF4B-00C04F79EFBC}") = "RegistroExamen", "RegistroExamen\RegistroExamen.csproj", "{970640A3-DFF1-493F-94E1-08C2C238280C}"
EndProject
Global
	GlobalSection(SolutionConfigurationPlatforms) = preSolution
		Debug|Any CPU = Debug|Any CPU
		Release|Any CPU = Release|Any CPU
	EndGlobalSection
	GlobalSection(ProjectConfigurationPlatforms) = postSolution
		{970640A3-DFF1-493F-94E1-08C2C238280C}.Debug|Any CPU.ActiveCfg = Debug|Any CPU
		{970640A3-DFF1-493F-94E1-08C2C238280C}.Debug|Any CPU.Build.0 = Debug|Any CPU
		{970640A3-DFF1-493F-94E1-08C2C238280C}.Release|Any CPU.ActiveCfg = Release|Any CPU
		{970640A3-DFF1-493F-94E1-08C2C238280C}.Release|Any CPU.Build.0 = Release|Any CPU
	EndGlobalSection
	GlobalSection(SolutionProperties) = preSolution
		HideSolutionNode = FALSE
	EndGlobalSection
	GlobalSection(ExtensibilityGlobals) = postSolution
		SolutionGuid = {C92D757B-C7FF-4AA2-B5AE-83042F9296D1}
	EndGlobalSection
EndGlobal
